
Microsoft Visual Studio Solution File, Format Version 12.00
# Visual Studio Version 17
VisualStudioVersion = 17.1.32421.90
MinimumVisualStudioVersion = 10.0.40219.1
Project("{FAE04EC0-301F-11D3-BF4B-00C04F79EFBC}") = "Summator", "Summator\Summator.csproj", "{C1BAB8AB-D42B-43D1-8399-98B53F5DD36E}"
EndProject
Project("{FAE04EC0-301F-11D3-BF4B-00C04F79EFBC}") = "Summator.Tests", "Summator.Tests\Summator.Tests.csproj", "{58FEFF9C-FC26-4872-9533-6828D883BBF2}"
EndProject
Global
	GlobalSection(SolutionConfigurationPlatforms) = preSolution
		Debug|Any CPU = Debug|Any CPU
		Release|Any CPU = Release|Any CPU
	EndGlobalSection
	GlobalSection(ProjectConfigurationPlatforms) = postSolution
		{C1BAB8AB-D42B-43D1-8399-98B53F5DD36E}.Debug|Any CPU.ActiveCfg = Debug|Any CPU
		{C1BAB8AB-D42B-43D1-8399-98B53F5DD36E}.Debug|Any CPU.Build.0 = Debug|Any CPU
		{C1BAB8AB-D42B-43D1-8399-98B53F5DD36E}.Release|Any CPU.ActiveCfg = Release|Any CPU
		{C1BAB8AB-D42B-43D1-8399-98B53F5DD36E}.Release|Any CPU.Build.0 = Release|Any CPU
		{58FEFF9C-FC26-4872-9533-6828D883BBF2}.Debug|Any CPU.ActiveCfg = Debug|Any CPU
		{58FEFF9C-FC26-4872-9533-6828D883BBF2}.Debug|Any CPU.Build.0 = Debug|Any CPU
		{58FEFF9C-FC26-4872-9533-6828D883BBF2}.Release|Any CPU.ActiveCfg = Release|Any CPU
		{58FEFF9C-FC26-4872-9533-6828D883BBF2}.Release|Any CPU.Build.0 = Release|Any CPU
	EndGlobalSection
	GlobalSection(SolutionProperties) = preSolution
		HideSolutionNode = FALSE
	EndGlobalSection
	GlobalSection(ExtensibilityGlobals) = postSolution
		SolutionGuid = {627D2CFD-79AF-407A-867F-618BAA5AC7DC}
	EndGlobalSection
EndGlobal
